# This file is generated by running "yarn install" inside your project.
# Manual changes might be lost - proceed with caution!

__metadata:
  version: 6
  cacheKey: 8

"@types/node@npm:11.11.5":
  version: 11.11.5
  resolution: "@types/node@npm:11.11.5"
  checksum: c33eac3c34f176aec87b98de95247c0347a59c69a86ed88a286be1478aeb19ae285b30165014998a242953bbfdd193e2d9c76c2127074a7fe8700ac588596336
  languageName: node
  linkType: hard

"@voximplant/apiclient-nodejs@workspace:.":
  version: 0.0.0-use.local
  resolution: "@voximplant/apiclient-nodejs@workspace:."
  dependencies:
    "@types/node": 11.11.5
    axios: 0.21.4
    form-data: 2.5.1
    jsonwebtoken: 9.0.2
    prettier: 2.8.8
    rimraf: 2.7.1
    typescript: 3.9.10
  languageName: unknown
  linkType: soft

"asynckit@npm:^0.4.0":
  version: 0.4.0
  resolution: "asynckit@npm:0.4.0"
  checksum: 7b78c451df768adba04e2d02e63e2d0bf3b07adcd6e42b4cf665cb7ce899bedd344c69a1dcbce355b5f972d597b25aaa1c1742b52cffd9caccb22f348114f6be
  languageName: node
  linkType: hard

"axios@npm:0.21.4":
  version: 0.21.4
  resolution: "axios@npm:0.21.4"
  dependencies:
    follow-redirects: ^1.14.0
  checksum: 44245f24ac971e7458f3120c92f9d66d1fc695e8b97019139de5b0cc65d9b8104647db01e5f46917728edfc0cfd88eb30fc4c55e6053eef4ace76768ce95ff3c
  languageName: node
  linkType: hard

"balanced-match@npm:^1.0.0":
  version: 1.0.2
  resolution: "balanced-match@npm:1.0.2"
  checksum: 9706c088a283058a8a99e0bf91b0a2f75497f185980d9ffa8b304de1d9e58ebda7c72c07ebf01dadedaac5b2907b2c6f566f660d62bd336c3468e960403b9d65
  languageName: node
  linkType: hard

"brace-expansion@npm:^1.1.7":
  version: 1.1.11
  resolution: "brace-expansion@npm:1.1.11"
  dependencies:
    balanced-match: ^1.0.0
    concat-map: 0.0.1
  checksum: faf34a7bb0c3fcf4b59c7808bc5d2a96a40988addf2e7e09dfbb67a2251800e0d14cd2bfc1aa79174f2f5095c54ff27f46fb1289fe2d77dac755b5eb3434cc07
  languageName: node
  linkType: hard

"buffer-equal-constant-time@npm:1.0.1":
  version: 1.0.1
  resolution: "buffer-equal-constant-time@npm:1.0.1"
  checksum: 80bb945f5d782a56f374b292770901065bad21420e34936ecbe949e57724b4a13874f735850dd1cc61f078773c4fb5493a41391e7bda40d1fa388d6bd80daaab
  languageName: node
  linkType: hard

"combined-stream@npm:^1.0.6":
  version: 1.0.8
  resolution: "combined-stream@npm:1.0.8"
  dependencies:
    delayed-stream: ~1.0.0
  checksum: 49fa4aeb4916567e33ea81d088f6584749fc90c7abec76fd516bf1c5aa5c79f3584b5ba3de6b86d26ddd64bae5329c4c7479343250cfe71c75bb366eae53bb7c
  languageName: node
  linkType: hard

"concat-map@npm:0.0.1":
  version: 0.0.1
  resolution: "concat-map@npm:0.0.1"
  checksum: 902a9f5d8967a3e2faf138d5cb784b9979bad2e6db5357c5b21c568df4ebe62bcb15108af1b2253744844eb964fc023fbd9afbbbb6ddd0bcc204c6fb5b7bf3af
  languageName: node
  linkType: hard

"delayed-stream@npm:~1.0.0":
  version: 1.0.0
  resolution: "delayed-stream@npm:1.0.0"
  checksum: 46fe6e83e2cb1d85ba50bd52803c68be9bd953282fa7096f51fc29edd5d67ff84ff753c51966061e5ba7cb5e47ef6d36a91924eddb7f3f3483b1c560f77a0020
  languageName: node
  linkType: hard

"ecdsa-sig-formatter@npm:1.0.11":
  version: 1.0.11
  resolution: "ecdsa-sig-formatter@npm:1.0.11"
  dependencies:
    safe-buffer: ^5.0.1
  checksum: 207f9ab1c2669b8e65540bce29506134613dd5f122cccf1e6a560f4d63f2732d427d938f8481df175505aad94583bcb32c688737bb39a6df0625f903d6d93c03
  languageName: node
  linkType: hard

"follow-redirects@npm:^1.14.0":
  version: 1.15.9
  resolution: "follow-redirects@npm:1.15.9"
  peerDependenciesMeta:
    debug:
      optional: true
  checksum: 859e2bacc7a54506f2bf9aacb10d165df78c8c1b0ceb8023f966621b233717dab56e8d08baadc3ad3b9db58af290413d585c999694b7c146aaf2616340c3d2a6
  languageName: node
  linkType: hard

"form-data@npm:2.5.1":
  version: 2.5.1
  resolution: "form-data@npm:2.5.1"
  dependencies:
    asynckit: ^0.4.0
    combined-stream: ^1.0.6
    mime-types: ^2.1.12
  checksum: 5134ada56cc246b293a1ac7678dba6830000603a3979cf83ff7b2f21f2e3725202237cfb89e32bcb38a1d35727efbd3c3a22e65b42321e8ade8eec01ce755d08
  languageName: node
  linkType: hard

"fs.realpath@npm:^1.0.0":
  version: 1.0.0
  resolution: "fs.realpath@npm:1.0.0"
  checksum: 99ddea01a7e75aa276c250a04eedeffe5662bce66c65c07164ad6264f9de18fb21be9433ead460e54cff20e31721c811f4fb5d70591799df5f85dce6d6746fd0
  languageName: node
  linkType: hard

"glob@npm:^7.1.3":
  version: 7.2.3
  resolution: "glob@npm:7.2.3"
  dependencies:
    fs.realpath: ^1.0.0
    inflight: ^1.0.4
    inherits: 2
    minimatch: ^3.1.1
    once: ^1.3.0
    path-is-absolute: ^1.0.0
  checksum: 29452e97b38fa704dabb1d1045350fb2467cf0277e155aa9ff7077e90ad81d1ea9d53d3ee63bd37c05b09a065e90f16aec4a65f5b8de401d1dac40bc5605d133
  languageName: node
  linkType: hard

"inflight@npm:^1.0.4":
  version: 1.0.6
  resolution: "inflight@npm:1.0.6"
  dependencies:
    once: ^1.3.0
    wrappy: 1
  checksum: f4f76aa072ce19fae87ce1ef7d221e709afb59d445e05d47fba710e85470923a75de35bfae47da6de1b18afc3ce83d70facf44cfb0aff89f0a3f45c0a0244dfd
  languageName: node
  linkType: hard

"inherits@npm:2":
  version: 2.0.4
  resolution: "inherits@npm:2.0.4"
  checksum: 4a48a733847879d6cf6691860a6b1e3f0f4754176e4d71494c41f3475553768b10f84b5ce1d40fbd0e34e6bfbb864ee35858ad4dd2cf31e02fc4a154b724d7f1
  languageName: node
  linkType: hard

"jsonwebtoken@npm:9.0.2":
  version: 9.0.2
  resolution: "jsonwebtoken@npm:9.0.2"
  dependencies:
    jws: ^3.2.2
    lodash.includes: ^4.3.0
    lodash.isboolean: ^3.0.3
    lodash.isinteger: ^4.0.4
    lodash.isnumber: ^3.0.3
    lodash.isplainobject: ^4.0.6
    lodash.isstring: ^4.0.1
    lodash.once: ^4.0.0
    ms: ^2.1.1
    semver: ^7.5.4
  checksum: fc739a6a8b33f1974f9772dca7f8493ca8df4cc31c5a09dcfdb7cff77447dcf22f4236fb2774ef3fe50df0abeb8e1c6f4c41eba82f500a804ab101e2fbc9d61a
  languageName: node
  linkType: hard

"jwa@npm:^1.4.1":
  version: 1.4.1
  resolution: "jwa@npm:1.4.1"
  dependencies:
    buffer-equal-constant-time: 1.0.1
    ecdsa-sig-formatter: 1.0.11
    safe-buffer: ^5.0.1
  checksum: ff30ea7c2dcc61f3ed2098d868bf89d43701605090c5b21b5544b512843ec6fd9e028381a4dda466cbcdb885c2d1150f7c62e7168394ee07941b4098e1035e2f
  languageName: node
  linkType: hard

"jws@npm:^3.2.2":
  version: 3.2.2
  resolution: "jws@npm:3.2.2"
  dependencies:
    jwa: ^1.4.1
    safe-buffer: ^5.0.1
  checksum: f0213fe5b79344c56cd443428d8f65c16bf842dc8cb8f5aed693e1e91d79c20741663ad6eff07a6d2c433d1831acc9814e8d7bada6a0471fbb91d09ceb2bf5c2
  languageName: node
  linkType: hard

"lodash.includes@npm:^4.3.0":
  version: 4.3.0
  resolution: "lodash.includes@npm:4.3.0"
  checksum: 71092c130515a67ab3bd928f57f6018434797c94def7f46aafa417771e455ce3a4834889f4267b17887d7f75297dfabd96231bf704fd2b8c5096dc4a913568b6
  languageName: node
  linkType: hard

"lodash.isboolean@npm:^3.0.3":
  version: 3.0.3
  resolution: "lodash.isboolean@npm:3.0.3"
  checksum: b70068b4a8b8837912b54052557b21fc4774174e3512ed3c5b94621e5aff5eb6c68089d0a386b7e801d679cd105d2e35417978a5e99071750aa2ed90bffd0250
  languageName: node
  linkType: hard

"lodash.isinteger@npm:^4.0.4":
  version: 4.0.4
  resolution: "lodash.isinteger@npm:4.0.4"
  checksum: 6034821b3fc61a2ffc34e7d5644bb50c5fd8f1c0121c554c21ac271911ee0c0502274852845005f8651d51e199ee2e0cfebfe40aaa49c7fe617f603a8a0b1691
  languageName: node
  linkType: hard

"lodash.isnumber@npm:^3.0.3":
  version: 3.0.3
  resolution: "lodash.isnumber@npm:3.0.3"
  checksum: 913784275b565346255e6ae6a6e30b760a0da70abc29f3e1f409081585875105138cda4a429ff02577e1bc0a7ae2a90e0a3079a37f3a04c3d6c5aaa532f4cab2
  languageName: node
  linkType: hard

"lodash.isplainobject@npm:^4.0.6":
  version: 4.0.6
  resolution: "lodash.isplainobject@npm:4.0.6"
  checksum: 29c6351f281e0d9a1d58f1a4c8f4400924b4c79f18dfc4613624d7d54784df07efaff97c1ff2659f3e085ecf4fff493300adc4837553104cef2634110b0d5337
  languageName: node
  linkType: hard

"lodash.isstring@npm:^4.0.1":
  version: 4.0.1
  resolution: "lodash.isstring@npm:4.0.1"
  checksum: eaac87ae9636848af08021083d796e2eea3d02e80082ab8a9955309569cb3a463ce97fd281d7dc119e402b2e7d8c54a23914b15d2fc7fff56461511dc8937ba0
  languageName: node
  linkType: hard

"lodash.once@npm:^4.0.0":
  version: 4.1.1
  resolution: "lodash.once@npm:4.1.1"
  checksum: d768fa9f9b4e1dc6453be99b753906f58990e0c45e7b2ca5a3b40a33111e5d17f6edf2f768786e2716af90a8e78f8f91431ab8435f761fef00f9b0c256f6d245
  languageName: node
  linkType: hard

"mime-db@npm:1.52.0":
  version: 1.52.0
  resolution: "mime-db@npm:1.52.0"
  checksum: 0d99a03585f8b39d68182803b12ac601d9c01abfa28ec56204fa330bc9f3d1c5e14beb049bafadb3dbdf646dfb94b87e24d4ec7b31b7279ef906a8ea9b6a513f
  languageName: node
  linkType: hard

"mime-types@npm:^2.1.12":
  version: 2.1.35
  resolution: "mime-types@npm:2.1.35"
  dependencies:
    mime-db: 1.52.0
  checksum: 89a5b7f1def9f3af5dad6496c5ed50191ae4331cc5389d7c521c8ad28d5fdad2d06fd81baf38fed813dc4e46bb55c8145bb0ff406330818c9cf712fb2e9b3836
  languageName: node
  linkType: hard

"minimatch@npm:^3.1.1":
  version: 3.1.2
  resolution: "minimatch@npm:3.1.2"
  dependencies:
    brace-expansion: ^1.1.7
  checksum: c154e566406683e7bcb746e000b84d74465b3a832c45d59912b9b55cd50dee66e5c4b1e5566dba26154040e51672f9aa450a9aef0c97cfc7336b78b7afb9540a
  languageName: node
  linkType: hard

"ms@npm:^2.1.1":
  version: 2.1.3
  resolution: "ms@npm:2.1.3"
  checksum: aa92de608021b242401676e35cfa5aa42dd70cbdc082b916da7fb925c542173e36bce97ea3e804923fe92c0ad991434e4a38327e15a1b5b5f945d66df615ae6d
  languageName: node
  linkType: hard

"once@npm:^1.3.0":
  version: 1.4.0
  resolution: "once@npm:1.4.0"
  dependencies:
    wrappy: 1
  checksum: cd0a88501333edd640d95f0d2700fbde6bff20b3d4d9bdc521bdd31af0656b5706570d6c6afe532045a20bb8dc0849f8332d6f2a416e0ba6d3d3b98806c7db68
  languageName: node
  linkType: hard

"path-is-absolute@npm:^1.0.0":
  version: 1.0.1
  resolution: "path-is-absolute@npm:1.0.1"
  checksum: 060840f92cf8effa293bcc1bea81281bd7d363731d214cbe5c227df207c34cd727430f70c6037b5159c8a870b9157cba65e775446b0ab06fd5ecc7e54615a3b8
  languageName: node
  linkType: hard

"prettier@npm:2.8.8":
  version: 2.8.8
  resolution: "prettier@npm:2.8.8"
  bin:
    prettier: bin-prettier.js
  checksum: b49e409431bf129dd89238d64299ba80717b57ff5a6d1c1a8b1a28b590d998a34e083fa13573bc732bb8d2305becb4c9a4407f8486c81fa7d55100eb08263cf8
  languageName: node
  linkType: hard

"rimraf@npm:2.7.1":
  version: 2.7.1
  resolution: "rimraf@npm:2.7.1"
  dependencies:
    glob: ^7.1.3
  bin:
    rimraf: bin.js
  checksum: cdc7f6eacb17927f2a075117a823e1c5951792c6498ebcce81ca8203454a811d4cf8900314154d3259bb8f0b42ab17f67396a8694a54cae3283326e57ad250cd
  languageName: node
  linkType: hard

"safe-buffer@npm:^5.0.1":
  version: 5.2.1
  resolution: "safe-buffer@npm:5.2.1"
  checksum: b99c4b41fdd67a6aaf280fcd05e9ffb0813654894223afb78a31f14a19ad220bba8aba1cb14eddce1fcfb037155fe6de4e861784eb434f7d11ed58d1e70dd491
  languageName: node
  linkType: hard

"semver@npm:^7.5.4":
  version: 7.7.1
  resolution: "semver@npm:7.7.1"
  bin:
    semver: bin/semver.js
  checksum: 586b825d36874007c9382d9e1ad8f93888d8670040add24a28e06a910aeebd673a2eb9e3bf169c6679d9245e66efb9057e0852e70d9daa6c27372aab1dda7104
  languageName: node
  linkType: hard

"typescript@npm:3.9.10":
  version: 3.9.10
  resolution: "typescript@npm:3.9.10"
  bin:
    tsc: bin/tsc
    tsserver: bin/tsserver
  checksum: 46c842e2cd4797b88b66ef06c9c41dd21da48b95787072ccf39d5f2aa3124361bc4c966aa1c7f709fae0509614d76751455b5231b12dbb72eb97a31369e1ff92
  languageName: node
  linkType: hard

"typescript@patch:typescript@3.9.10#~builtin<compat/typescript>":
  version: 3.9.10
  resolution: "typescript@patch:typescript@npm%3A3.9.10#~builtin<compat/typescript>::version=3.9.10&hash=bda367"
  bin:
    tsc: bin/tsc
    tsserver: bin/tsserver
  checksum: dc7141ab555b23a8650a6787f98845fc11692063d02b75ff49433091b3af2fe3d773650dea18389d7c21f47d620fb3b110ea363dab4ab039417a6ccbbaf96fc2
  languageName: node
  linkType: hard

"wrappy@npm:1":
  version: 1.0.2
  resolution: "wrappy@npm:1.0.2"
  checksum: 159da4805f7e84a3d003d8841557196034155008f817172d4e986bd591f74aa82aa7db55929a54222309e01079a65a92a9e6414da5a6aa4b01ee44a511ac3ee5
  languageName: node
  linkType: hard
